
Microsoft Visual Studio Solution File, Format Version 12.00
# Visual Studio Version 18
VisualStudioVersion = 18.0.11205.157 d18.0
MinimumVisualStudioVersion = 10.0.40219.1
Project("{FAE04EC0-301F-11D3-BF4B-00C04F79EFBC}") = "Final_Project_Backend", "Final_Project_Backend.csproj", "{259D398F-2B72-44AB-905C-EDFE2C465A62}"
EndProject
Global
	GlobalSection(SolutionConfigurationPlatforms) = preSolution
		Debug|Any CPU = Debug|Any CPU
		Release|Any CPU = Release|Any CPU
	EndGlobalSection
	GlobalSection(ProjectConfigurationPlatforms) = postSolution
		{259D398F-2B72-44AB-905C-EDFE2C465A62}.Debug|Any CPU.ActiveCfg = Debug|Any CPU
		{259D398F-2B72-44AB-905C-EDFE2C465A62}.Debug|Any CPU.Build.0 = Debug|Any CPU
		{259D398F-2B72-44AB-905C-EDFE2C465A62}.Release|Any CPU.ActiveCfg = Release|Any CPU
		{259D398F-2B72-44AB-905C-EDFE2C465A62}.Release|Any CPU.Build.0 = Release|Any CPU
	EndGlobalSection
	GlobalSection(SolutionProperties) = preSolution
		HideSolutionNode = FALSE
	EndGlobalSection
	GlobalSection(ExtensibilityGlobals) = postSolution
		SolutionGuid = {CFE530D2-E363-4D2A-B44D-657D8D3EEFC9}
	EndGlobalSection
EndGlobal
